{
  "object": {
    "pins": [
      {
        "package": "HealthDataSync",
        "repositoryURL": "https://github.com/microsoft/health-data-sync",
        "state": {
          "branch": null,
          "revision": "6e0f8d923c551a71e1ce512cc1354453c3de250e",
          "version": "1.0.0"
        }
      },
      {
        "package": "HealthKitToFhir",
        "repositoryURL": "https://github.com/microsoft/healthkit-to-fhir",
        "state": {
          "branch": null,
          "revision": "059f8f8ed3449231b2134ba2de484be91e4a2014",
          "version": "1.0.1"
        }
      },
      {
        "package": "IomtFhirClient",
        "repositoryURL": "https://github.com/microsoft/iomt-fhir-client",
        "state": {
          "branch": null,
          "revision": "73bca2d9262a17524a162084659667cbd8f62799",
          "version": "1.0.0"
        }
      },
      {
        "package": "FHIR",
        "repositoryURL": "https://github.com/smart-on-fhir/Swift-FHIR",
        "state": {
          "branch": null,
          "revision": "b68fb5d6c8137de4a06894e683dc1a726a832907",
          "version": "4.2.1"
        }
      }
    ]
  },
  "version": 1
}
