{
  "object": {
    "pins": [
      {
        "package": "HealthDataSync",
        "repositoryURL": "git@github.com:microsoft/health-data-sync",
        "state": {
          "branch": "master",
          "revision": "2e77704d815ac033740c4a0d1d80961410acb1b3",
          "version": null
        }
      },
      {
        "package": "HealthKitToFhir",
        "repositoryURL": "git@github.com:microsoft/healthkit-to-fhir",
        "state": {
          "branch": "master",
          "revision": "229175b32e73d96720d279a345696c1d0dc60cc6",
          "version": null
        }
      },
      {
        "package": "IomtFhirClient",
        "repositoryURL": "git@github.com:microsoft/iomt-fhir-client",
        "state": {
          "branch": "master",
          "revision": "6388ff3fc3dbb9dd87939ee372f0710720a57f15",
          "version": null
        }
      },
      {
        "package": "FHIR",
        "repositoryURL": "https://github.com/smart-on-fhir/Swift-FHIR",
        "state": {
          "branch": null,
          "revision": "626ffd15ebbf6de6aa7e130b2708f47211216d62",
          "version": "4.2.0"
        }
      }
    ]
  },
  "version": 1
}
