{
  "object": {
    "pins": [
      {
        "package": "HealthDataSync",
        "repositoryURL": "https://github.com/microsoft/health-data-sync.git",
        "state": {
          "branch": "master",
          "revision": "84a0c9300f74dc53c50c651a706cb3902120add7",
          "version": null
        }
      },
      {
        "package": "HealthKitToFhir",
        "repositoryURL": "https://github.com/microsoft/healthkit-to-fhir.git",
        "state": {
          "branch": "master",
          "revision": "b8b057d9a6bf36b27d1e08fd9ca34b4429d909dd",
          "version": null
        }
      },
      {
        "package": "IomtFhirClient",
        "repositoryURL": "https://github.com/microsoft/iomt-fhir-client.git",
        "state": {
          "branch": "master",
          "revision": "f1a848bf120d9576c7465034c30ff6b6ee3add14",
          "version": null
        }
      },
      {
        "package": "Nimble",
        "repositoryURL": "https://github.com/Quick/Nimble",
        "state": {
          "branch": null,
          "revision": "f8657642dfdec9973efc79cc68bcef43a653a2bc",
          "version": "8.0.2"
        }
      },
      {
        "package": "Quick",
        "repositoryURL": "https://github.com/Quick/Quick",
        "state": {
          "branch": null,
          "revision": "33682c2f6230c60614861dfc61df267e11a1602f",
          "version": "2.2.0"
        }
      },
      {
        "package": "FHIR",
        "repositoryURL": "https://github.com/smart-on-fhir/Swift-FHIR",
        "state": {
          "branch": null,
          "revision": "626ffd15ebbf6de6aa7e130b2708f47211216d62",
          "version": "4.2.0"
        }
      }
    ]
  },
  "version": 1
}
