{
  "object": {
    "pins": [
      {
        "package": "HealthDataSync",
        "repositoryURL": "https://github.com/microsoft/health-data-sync.git",
        "state": {
          "branch": null,
          "revision": "1f4858210284d1234267e0c6b1f94e3689b9add6",
          "version": "1.0.0"
        }
      },
      {
        "package": "HealthKitToFhir",
        "repositoryURL": "https://github.com/microsoft/healthkit-to-fhir.git",
        "state": {
          "branch": null,
          "revision": "1f23fea0ae02a6aba96c24f4239d0fa30733d2f5",
          "version": "1.0.0"
        }
      },
      {
        "package": "IomtFhirClient",
        "repositoryURL": "https://github.com/microsoft/iomt-fhir-client.git",
        "state": {
          "branch": null,
          "revision": "73bca2d9262a17524a162084659667cbd8f62799",
          "version": "1.0.0"
        }
      },
      {
        "package": "Nimble",
        "repositoryURL": "https://github.com/Quick/Nimble",
        "state": {
          "branch": null,
          "revision": "f8657642dfdec9973efc79cc68bcef43a653a2bc",
          "version": "8.0.2"
        }
      },
      {
        "package": "Quick",
        "repositoryURL": "https://github.com/Quick/Quick",
        "state": {
          "branch": null,
          "revision": "33682c2f6230c60614861dfc61df267e11a1602f",
          "version": "2.2.0"
        }
      },
      {
        "package": "FHIR",
        "repositoryURL": "https://github.com/smart-on-fhir/Swift-FHIR",
        "state": {
          "branch": null,
          "revision": "626ffd15ebbf6de6aa7e130b2708f47211216d62",
          "version": "4.2.0"
        }
      }
    ]
  },
  "version": 1
}
