{
  "object": {
    "pins": [
      {
        "package": "OAuth2",
        "repositoryURL": "https://github.com/p2/OAuth2",
        "state": {
          "branch": null,
          "revision": "b0c71466176f3d7a22e5da20532c01d78a661f1d",
          "version": "5.2.0"
        }
      },
      {
        "package": "FHIR",
        "repositoryURL": "https://github.com/smart-on-fhir/Swift-FHIR",
        "state": {
          "branch": null,
          "revision": "b68fb5d6c8137de4a06894e683dc1a726a832907",
          "version": "4.2.1"
        }
      },
      {
        "package": "SMART",
        "repositoryURL": "https://github.com/smart-on-fhir/Swift-SMART.git",
        "state": {
          "branch": null,
          "revision": "f5d283079e2e5cd12bd0076f05886d19bbd5e125",
          "version": "4.2.0"
        }
      }
    ]
  },
  "version": 1
}
