{
  "object": {
    "pins": [
      {
        "package": "HealthDataSync",
        "repositoryURL": "git@github.com:microsoft/health-data-sync",
        "state": {
          "branch": null,
          "revision": "6e0f8d923c551a71e1ce512cc1354453c3de250e",
          "version": "1.0.0"
        }
      },
      {
        "package": "HealthKitOnFhir",
        "repositoryURL": "https://github.com/microsoft/healthkit-on-fhir.git",
        "state": {
          "branch": "master",
          "revision": "1680ce7f30868a88798456fda0694be6008c76e4",
          "version": null
        }
      },
      {
        "package": "HealthKitToFhir",
        "repositoryURL": "git@github.com:microsoft/healthkit-to-fhir",
        "state": {
          "branch": null,
          "revision": "1f23fea0ae02a6aba96c24f4239d0fa30733d2f5",
          "version": "1.0.0"
        }
      },
      {
        "package": "IomtFhirClient",
        "repositoryURL": "git@github.com:microsoft/iomt-fhir-client",
        "state": {
          "branch": null,
          "revision": "73bca2d9262a17524a162084659667cbd8f62799",
          "version": "1.0.0"
        }
      },
      {
        "package": "OAuth2",
        "repositoryURL": "https://github.com/p2/OAuth2",
        "state": {
          "branch": null,
          "revision": "b0c71466176f3d7a22e5da20532c01d78a661f1d",
          "version": "5.2.0"
        }
      },
      {
        "package": "FHIR",
        "repositoryURL": "https://github.com/smart-on-fhir/Swift-FHIR",
        "state": {
          "branch": null,
          "revision": "b68fb5d6c8137de4a06894e683dc1a726a832907",
          "version": "4.2.1"
        }
      },
      {
        "package": "SMART",
        "repositoryURL": "https://github.com/smart-on-fhir/Swift-SMART.git",
        "state": {
          "branch": null,
          "revision": "f5d283079e2e5cd12bd0076f05886d19bbd5e125",
          "version": "4.2.0"
        }
      }
    ]
  },
  "version": 1
}
